{
  "name": "pw-service-request",
  "version": "1.1.0",
  "lockfileVersion": 1,
  "requires": true,
  "dependencies": {
    "extended-buffer": {
      "version": "4.0.5",
      "resolved": "https://registry.npmjs.org/extended-buffer/-/extended-buffer-4.0.5.tgz",
      "integrity": "sha512-E8TSPuWGbHAGqm9A5iiBfz/F25q/Nu5f7FJ3zO6KTEAS04s3sizVjHdNayNrWn7BNZGvyUePbb/dRjjTINSD3A=="
    },
    "pw-buffer": {
      "version": "0.2.3",
      "resolved": "https://registry.npmjs.org/pw-buffer/-/pw-buffer-0.2.3.tgz",
      "integrity": "sha512-wJpMNxMTGWYgfNhlHVl6PpCjNVjhoVML+bAG6R1sHB3E66AN0vlH9QeSmX9nlQplG5jU3Q1/IvEq9HRLnctV8A==",
      "requires": {
        "extended-buffer": "^4.0.5"
      }
    }
  }
}
